
Microsoft Visual Studio Solution File, Format Version 12.00
# Visual Studio Version 16
VisualStudioVersion = 16.0.29123.89
MinimumVisualStudioVersion = 10.0.40219.1
Project("{9A19103F-16F7-4668-BE54-9A1E7A4F7556}") = "Iconlook.Service.Web", "Iconlook.Service.Web\Iconlook.Service.Web.csproj", "{8166A676-EE24-466A-BFC9-431283ADF760}"
EndProject
Project("{9A19103F-16F7-4668-BE54-9A1E7A4F7556}") = "Iconlook.Server", "Iconlook.Server\Iconlook.Server.csproj", "{31EA0786-9602-47A9-BB32-D109E40D6F27}"
EndProject
Project("{9A19103F-16F7-4668-BE54-9A1E7A4F7556}") = "Iconlook.Entity", "Iconlook.Entity\Iconlook.Entity.csproj", "{E0951FA9-037C-44B3-A40B-27F254E58441}"
EndProject
Project("{9A19103F-16F7-4668-BE54-9A1E7A4F7556}") = "Iconlook.Service.Api", "Iconlook.Service.Api\Iconlook.Service.Api.csproj", "{54701964-9D8F-441E-AB67-E199CB1D8545}"
EndProject
Project("{2150E333-8FDC-42A3-9474-1A3956D46DE8}") = "1. Backend", "1. Backend", "{754E3BDB-5BC1-4306-949A-AD265A16EB54}"
EndProject
Project("{2150E333-8FDC-42A3-9474-1A3956D46DE8}") = "2. Frontend", "2. Frontend", "{D9B4D14D-CB67-45D7-9442-8F9C5D2EDFA9}"
EndProject
Project("{9A19103F-16F7-4668-BE54-9A1E7A4F7556}") = "Iconlook.Object", "Iconlook.Object\Iconlook.Object.csproj", "{1F373F2A-BABA-421B-A9D0-BD951B1E4A3C}"
EndProject
Project("{9A19103F-16F7-4668-BE54-9A1E7A4F7556}") = "Iconlook.Service.Job", "Iconlook.Service.Job\Iconlook.Service.Job.csproj", "{851696F7-D1BB-44CE-9387-2F073F7845C7}"
EndProject
Project("{9A19103F-16F7-4668-BE54-9A1E7A4F7556}") = "Iconlook.Message", "Iconlook.Message\Iconlook.Message.csproj", "{39C8DF5C-9246-42B7-B19D-3FBDDBC65DA9}"
EndProject
Project("{9A19103F-16F7-4668-BE54-9A1E7A4F7556}") = "Iconlook.Client", "Iconlook.Client\Iconlook.Client.csproj", "{D1F64E32-F9AB-4B28-8674-EFA9F8BB04EC}"
EndProject
Project("{9A19103F-16F7-4668-BE54-9A1E7A4F7556}") = "Iconlook.Service.Mon", "Iconlook.Service.Mon\Iconlook.Service.Mon.csproj", "{6086F5B7-7782-41EA-86C2-EE0389E3D5FB}"
EndProject
Project("{9A19103F-16F7-4668-BE54-9A1E7A4F7556}") = "Iconlook.Calculator", "Iconlook.Calculator\Iconlook.Calculator.csproj", "{F2EA99E6-025E-4120-BB3D-C9785BE73118}"
EndProject
Global
	GlobalSection(SolutionConfigurationPlatforms) = preSolution
		Debug|Any CPU = Debug|Any CPU
		Release|Any CPU = Release|Any CPU
	EndGlobalSection
	GlobalSection(ProjectConfigurationPlatforms) = postSolution
		{8166A676-EE24-466A-BFC9-431283ADF760}.Debug|Any CPU.ActiveCfg = Debug|Any CPU
		{8166A676-EE24-466A-BFC9-431283ADF760}.Debug|Any CPU.Build.0 = Debug|Any CPU
		{8166A676-EE24-466A-BFC9-431283ADF760}.Release|Any CPU.ActiveCfg = Release|Any CPU
		{8166A676-EE24-466A-BFC9-431283ADF760}.Release|Any CPU.Build.0 = Release|Any CPU
		{31EA0786-9602-47A9-BB32-D109E40D6F27}.Debug|Any CPU.ActiveCfg = Debug|Any CPU
		{31EA0786-9602-47A9-BB32-D109E40D6F27}.Debug|Any CPU.Build.0 = Debug|Any CPU
		{31EA0786-9602-47A9-BB32-D109E40D6F27}.Release|Any CPU.ActiveCfg = Release|Any CPU
		{31EA0786-9602-47A9-BB32-D109E40D6F27}.Release|Any CPU.Build.0 = Release|Any CPU
		{E0951FA9-037C-44B3-A40B-27F254E58441}.Debug|Any CPU.ActiveCfg = Debug|Any CPU
		{E0951FA9-037C-44B3-A40B-27F254E58441}.Debug|Any CPU.Build.0 = Debug|Any CPU
		{E0951FA9-037C-44B3-A40B-27F254E58441}.Release|Any CPU.ActiveCfg = Release|Any CPU
		{E0951FA9-037C-44B3-A40B-27F254E58441}.Release|Any CPU.Build.0 = Release|Any CPU
		{54701964-9D8F-441E-AB67-E199CB1D8545}.Debug|Any CPU.ActiveCfg = Debug|Any CPU
		{54701964-9D8F-441E-AB67-E199CB1D8545}.Debug|Any CPU.Build.0 = Debug|Any CPU
		{54701964-9D8F-441E-AB67-E199CB1D8545}.Release|Any CPU.ActiveCfg = Release|Any CPU
		{54701964-9D8F-441E-AB67-E199CB1D8545}.Release|Any CPU.Build.0 = Release|Any CPU
		{1F373F2A-BABA-421B-A9D0-BD951B1E4A3C}.Debug|Any CPU.ActiveCfg = Debug|Any CPU
		{1F373F2A-BABA-421B-A9D0-BD951B1E4A3C}.Debug|Any CPU.Build.0 = Debug|Any CPU
		{1F373F2A-BABA-421B-A9D0-BD951B1E4A3C}.Release|Any CPU.ActiveCfg = Release|Any CPU
		{1F373F2A-BABA-421B-A9D0-BD951B1E4A3C}.Release|Any CPU.Build.0 = Release|Any CPU
		{851696F7-D1BB-44CE-9387-2F073F7845C7}.Debug|Any CPU.ActiveCfg = Debug|Any CPU
		{851696F7-D1BB-44CE-9387-2F073F7845C7}.Debug|Any CPU.Build.0 = Debug|Any CPU
		{851696F7-D1BB-44CE-9387-2F073F7845C7}.Release|Any CPU.ActiveCfg = Release|Any CPU
		{851696F7-D1BB-44CE-9387-2F073F7845C7}.Release|Any CPU.Build.0 = Release|Any CPU
		{39C8DF5C-9246-42B7-B19D-3FBDDBC65DA9}.Debug|Any CPU.ActiveCfg = Debug|Any CPU
		{39C8DF5C-9246-42B7-B19D-3FBDDBC65DA9}.Debug|Any CPU.Build.0 = Debug|Any CPU
		{39C8DF5C-9246-42B7-B19D-3FBDDBC65DA9}.Release|Any CPU.ActiveCfg = Release|Any CPU
		{39C8DF5C-9246-42B7-B19D-3FBDDBC65DA9}.Release|Any CPU.Build.0 = Release|Any CPU
		{D1F64E32-F9AB-4B28-8674-EFA9F8BB04EC}.Debug|Any CPU.ActiveCfg = Debug|Any CPU
		{D1F64E32-F9AB-4B28-8674-EFA9F8BB04EC}.Debug|Any CPU.Build.0 = Debug|Any CPU
		{D1F64E32-F9AB-4B28-8674-EFA9F8BB04EC}.Release|Any CPU.ActiveCfg = Release|Any CPU
		{D1F64E32-F9AB-4B28-8674-EFA9F8BB04EC}.Release|Any CPU.Build.0 = Release|Any CPU
		{6086F5B7-7782-41EA-86C2-EE0389E3D5FB}.Debug|Any CPU.ActiveCfg = Debug|Any CPU
		{6086F5B7-7782-41EA-86C2-EE0389E3D5FB}.Debug|Any CPU.Build.0 = Debug|Any CPU
		{6086F5B7-7782-41EA-86C2-EE0389E3D5FB}.Release|Any CPU.ActiveCfg = Release|Any CPU
		{6086F5B7-7782-41EA-86C2-EE0389E3D5FB}.Release|Any CPU.Build.0 = Release|Any CPU
		{F2EA99E6-025E-4120-BB3D-C9785BE73118}.Debug|Any CPU.ActiveCfg = Debug|Any CPU
		{F2EA99E6-025E-4120-BB3D-C9785BE73118}.Debug|Any CPU.Build.0 = Debug|Any CPU
		{F2EA99E6-025E-4120-BB3D-C9785BE73118}.Release|Any CPU.ActiveCfg = Release|Any CPU
		{F2EA99E6-025E-4120-BB3D-C9785BE73118}.Release|Any CPU.Build.0 = Release|Any CPU
	EndGlobalSection
	GlobalSection(SolutionProperties) = preSolution
		HideSolutionNode = FALSE
	EndGlobalSection
	GlobalSection(NestedProjects) = preSolution
		{8166A676-EE24-466A-BFC9-431283ADF760} = {D9B4D14D-CB67-45D7-9442-8F9C5D2EDFA9}
		{31EA0786-9602-47A9-BB32-D109E40D6F27} = {754E3BDB-5BC1-4306-949A-AD265A16EB54}
		{E0951FA9-037C-44B3-A40B-27F254E58441} = {754E3BDB-5BC1-4306-949A-AD265A16EB54}
		{54701964-9D8F-441E-AB67-E199CB1D8545} = {D9B4D14D-CB67-45D7-9442-8F9C5D2EDFA9}
		{1F373F2A-BABA-421B-A9D0-BD951B1E4A3C} = {754E3BDB-5BC1-4306-949A-AD265A16EB54}
		{851696F7-D1BB-44CE-9387-2F073F7845C7} = {D9B4D14D-CB67-45D7-9442-8F9C5D2EDFA9}
		{39C8DF5C-9246-42B7-B19D-3FBDDBC65DA9} = {754E3BDB-5BC1-4306-949A-AD265A16EB54}
		{D1F64E32-F9AB-4B28-8674-EFA9F8BB04EC} = {754E3BDB-5BC1-4306-949A-AD265A16EB54}
		{6086F5B7-7782-41EA-86C2-EE0389E3D5FB} = {D9B4D14D-CB67-45D7-9442-8F9C5D2EDFA9}
		{F2EA99E6-025E-4120-BB3D-C9785BE73118} = {754E3BDB-5BC1-4306-949A-AD265A16EB54}
	EndGlobalSection
	GlobalSection(ExtensibilityGlobals) = postSolution
		SolutionGuid = {E03994E5-C745-4A37-82E3-448E886898FB}
	EndGlobalSection
EndGlobal
